<Solution>
  <Configurations>
    <Platform Name="x64" />
    <Platform Name="x86" />
  </Configurations>
  <Project Path="YachtAppConsole/YachtAppConsole.vcxproj" Id="982fa9b2-9cbc-43a1-b057-aba97854857a" />
  <Project Path="YachtAppGUI/YachtAppGUI.vcxproj" Id="15036a5d-d0df-4142-9217-4daa3b049142" />
</Solution>
